{
  "name": "movierating",
  "lockfileVersion": 2,
  "requires": true,
  "packages": {
    "": {
      "dependencies": {
        "babel-plugin-inline-dotenv": "^1.7.0"
      }
    },
    "node_modules/babel-plugin-inline-dotenv": {
      "version": "1.7.0",
      "resolved": "https://registry.npmjs.org/babel-plugin-inline-dotenv/-/babel-plugin-inline-dotenv-1.7.0.tgz",
      "integrity": "sha512-FUrXEwY9R9ZO8l0NFHqXFBzHjjMvdIJlELrzJoE6imDsj6Vh7g9svm7iHPHVYPbHmt6BPB2eCAJkwvG6kr5byg==",
      "dependencies": {
        "dotenv": "^16.0.0"
      },
      "peerDependencies": {
        "dotenv-expand": ">= 5.0.0"
      },
      "peerDependenciesMeta": {
        "dotenv-expand": {
          "optional": true
        }
      }
    },
    "node_modules/dotenv": {
      "version": "16.0.0",
      "resolved": "https://registry.npmjs.org/dotenv/-/dotenv-16.0.0.tgz",
      "integrity": "sha512-qD9WU0MPM4SWLPJy/r2Be+2WgQj8plChsyrCNQzW/0WjvcJQiKQJ9mH3ZgB3fxbUUxgc/11ZJ0Fi5KiimWGz2Q==",
      "engines": {
        "node": ">=12"
      }
    }
  },
  "dependencies": {
    "babel-plugin-inline-dotenv": {
      "version": "1.7.0",
      "resolved": "https://registry.npmjs.org/babel-plugin-inline-dotenv/-/babel-plugin-inline-dotenv-1.7.0.tgz",
      "integrity": "sha512-FUrXEwY9R9ZO8l0NFHqXFBzHjjMvdIJlELrzJoE6imDsj6Vh7g9svm7iHPHVYPbHmt6BPB2eCAJkwvG6kr5byg==",
      "requires": {
        "dotenv": "^16.0.0"
      }
    },
    "dotenv": {
      "version": "16.0.0",
      "resolved": "https://registry.npmjs.org/dotenv/-/dotenv-16.0.0.tgz",
      "integrity": "sha512-qD9WU0MPM4SWLPJy/r2Be+2WgQj8plChsyrCNQzW/0WjvcJQiKQJ9mH3ZgB3fxbUUxgc/11ZJ0Fi5KiimWGz2Q=="
    }
  }
}
